
Microsoft Visual Studio Solution File, Format Version 12.00
# Visual Studio 15
VisualStudioVersion = 15.0.27428.2005
MinimumVisualStudioVersion = 10.0.40219.1
Project("{FAE04EC0-301F-11D3-BF4B-00C04F79EFBC}") = "EX10_Wines", "EX10_Wines\EX10_Wines.csproj", "{BFB6C726-7843-4C6B-BD42-49939EFA1547}"
EndProject
Global
	GlobalSection(SolutionConfigurationPlatforms) = preSolution
		Debug|Any CPU = Debug|Any CPU
		Release|Any CPU = Release|Any CPU
	EndGlobalSection
	GlobalSection(ProjectConfigurationPlatforms) = postSolution
		{BFB6C726-7843-4C6B-BD42-49939EFA1547}.Debug|Any CPU.ActiveCfg = Debug|Any CPU
		{BFB6C726-7843-4C6B-BD42-49939EFA1547}.Debug|Any CPU.Build.0 = Debug|Any CPU
		{BFB6C726-7843-4C6B-BD42-49939EFA1547}.Release|Any CPU.ActiveCfg = Release|Any CPU
		{BFB6C726-7843-4C6B-BD42-49939EFA1547}.Release|Any CPU.Build.0 = Release|Any CPU
	EndGlobalSection
	GlobalSection(SolutionProperties) = preSolution
		HideSolutionNode = FALSE
	EndGlobalSection
	GlobalSection(ExtensibilityGlobals) = postSolution
		SolutionGuid = {CB2937EA-AA70-46BC-A0E5-2B07A4D435E6}
	EndGlobalSection
EndGlobal
